// !$*UTF8*$!
{
	archiveVersion = 1;
	classes = {
	};
	objectVersion = 56;
	objects = {

/* Begin PBXBuildFile section */
		057354942A482AD700C4D3F2 /* GameCenterView.swift in Sources */ = {isa = PBXBuildFile; fileRef = 057354932A482AD700C4D3F2 /* GameCenterView.swift */; };
		057354962A482C3700C4D3F2 /* PlayerModel.swift in Sources */ = {isa = PBXBuildFile; fileRef = 057354952A482C3700C4D3F2 /* PlayerModel.swift */; };
		057354982A482F7000C4D3F2 /* GameKitController.swift in Sources */ = {isa = PBXBuildFile; fileRef = 057354972A482F7000C4D3F2 /* GameKitController.swift */; };
		05BFB3872A4435B400A026D7 /* ShopViewController.swift in Sources */ = {isa = PBXBuildFile; fileRef = 05BFB3862A4435B400A026D7 /* ShopViewController.swift */; };
		05BFB3902A443B3600A026D7 /* ShopItemModel.swift in Sources */ = {isa = PBXBuildFile; fileRef = 05BFB38F2A443B3600A026D7 /* ShopItemModel.swift */; };
		05BFB3972A445B3900A026D7 /* TimeModel.swift in Sources */ = {isa = PBXBuildFile; fileRef = 05BFB3962A445B3900A026D7 /* TimeModel.swift */; };
		05F4A2C82A45811C00DE56A7 /* StatModel.swift in Sources */ = {isa = PBXBuildFile; fileRef = 05F4A2C72A45811C00DE56A7 /* StatModel.swift */; };
		05F4A2CA2A45816B00DE56A7 /* DailyTaskModel.swift in Sources */ = {isa = PBXBuildFile; fileRef = 05F4A2C92A45816B00DE56A7 /* DailyTaskModel.swift */; };
		05F4A2CC2A45817600DE56A7 /* BodyMovementTaskModel.swift in Sources */ = {isa = PBXBuildFile; fileRef = 05F4A2CB2A45817600DE56A7 /* BodyMovementTaskModel.swift */; };
		05F4A2CE2A45818B00DE56A7 /* CharacterModel.swift in Sources */ = {isa = PBXBuildFile; fileRef = 05F4A2CD2A45818B00DE56A7 /* CharacterModel.swift */; };
		05F4A2D22A4742BD00DE56A7 /* DataTestView.swift in Sources */ = {isa = PBXBuildFile; fileRef = 05F4A2D12A4742BD00DE56A7 /* DataTestView.swift */; };
		931A94162A4AC66700058E90 /* HealthKitController.swift in Sources */ = {isa = PBXBuildFile; fileRef = 931A94152A4AC66700058E90 /* HealthKitController.swift */; };
		931A94182A4AC68800058E90 /* HealthKitModel.swift in Sources */ = {isa = PBXBuildFile; fileRef = 931A94172A4AC68800058E90 /* HealthKitModel.swift */; };
		931A941A2A4B39B300058E90 /* FancyToast.swift in Sources */ = {isa = PBXBuildFile; fileRef = 931A94192A4B39B300058E90 /* FancyToast.swift */; };
		931A941C2A4B39C700058E90 /* FancyToastStyle.swift in Sources */ = {isa = PBXBuildFile; fileRef = 931A941B2A4B39C700058E90 /* FancyToastStyle.swift */; };
		931A941E2A4B39CC00058E90 /* FancyToastView.swift in Sources */ = {isa = PBXBuildFile; fileRef = 931A941D2A4B39CC00058E90 /* FancyToastView.swift */; };
		931A94202A4B3FF800058E90 /* BottomSheet.swift in Sources */ = {isa = PBXBuildFile; fileRef = 931A941F2A4B3FF800058E90 /* BottomSheet.swift */; };
		933239B12A4434B700D9B89B /* SwiftUITooltip in Frameworks */ = {isa = PBXBuildFile; productRef = 933239B02A4434B700D9B89B /* SwiftUITooltip */; };
		933239B32A443F0000D9B89B /* Stats.swift in Sources */ = {isa = PBXBuildFile; fileRef = 933239B22A443EFF00D9B89B /* Stats.swift */; };
		933239B52A4453A300D9B89B /* StatBar.swift in Sources */ = {isa = PBXBuildFile; fileRef = 933239B42A4453A300D9B89B /* StatBar.swift */; };
		9376A9802A3F5A080037F2FE /* PettoApp.swift in Sources */ = {isa = PBXBuildFile; fileRef = 9376A97F2A3F5A080037F2FE /* PettoApp.swift */; };
		9376A9822A3F5A080037F2FE /* ContentView.swift in Sources */ = {isa = PBXBuildFile; fileRef = 9376A9812A3F5A080037F2FE /* ContentView.swift */; };
		9376A9842A3F5A0A0037F2FE /* Assets.xcassets in Resources */ = {isa = PBXBuildFile; fileRef = 9376A9832A3F5A0A0037F2FE /* Assets.xcassets */; };
		9376A9872A3F5A0A0037F2FE /* Preview Assets.xcassets in Resources */ = {isa = PBXBuildFile; fileRef = 9376A9862A3F5A0A0037F2FE /* Preview Assets.xcassets */; };
		93BFA6692A42EA53007783E4 /* Home.swift in Sources */ = {isa = PBXBuildFile; fileRef = 93BFA6682A42EA53007783E4 /* Home.swift */; };
		93BFA66D2A42F56C007783E4 /* IconButton.swift in Sources */ = {isa = PBXBuildFile; fileRef = 93BFA66C2A42F56C007783E4 /* IconButton.swift */; };
		93BFA66F2A42F933007783E4 /* Coin.swift in Sources */ = {isa = PBXBuildFile; fileRef = 93BFA66E2A42F933007783E4 /* Coin.swift */; };
		93BFA6712A42FDDB007783E4 /* StrokeText.swift in Sources */ = {isa = PBXBuildFile; fileRef = 93BFA6702A42FDDB007783E4 /* StrokeText.swift */; };
		93BFA6732A42FFF0007783E4 /* PrimeTime.swift in Sources */ = {isa = PBXBuildFile; fileRef = 93BFA6722A42FFF0007783E4 /* PrimeTime.swift */; };
		93C768A52A46B1F200B70E4B /* PrimeTimeHelper.swift in Sources */ = {isa = PBXBuildFile; fileRef = 93C768A42A46B1F200B70E4B /* PrimeTimeHelper.swift */; };
		93D608882A45DB6D0058EA80 /* Avatar.swift in Sources */ = {isa = PBXBuildFile; fileRef = 93D608872A45DB6D0058EA80 /* Avatar.swift */; };
		93D6088B2A46142A0058EA80 /* AudioPlayer.swift in Sources */ = {isa = PBXBuildFile; fileRef = 93D6088A2A46142A0058EA80 /* AudioPlayer.swift */; };
		93D608922A461AAE0058EA80 /* background.mp3 in Resources */ = {isa = PBXBuildFile; fileRef = 93D6088E2A4616D20058EA80 /* background.mp3 */; };
		93EC1E9F2A47F259007B7B07 /* Config.swift in Sources */ = {isa = PBXBuildFile; fileRef = 93EC1E9E2A47F259007B7B07 /* Config.swift */; };
		93EC1EA12A483364007B7B07 /* TimeController.swift in Sources */ = {isa = PBXBuildFile; fileRef = 93EC1EA02A483364007B7B07 /* TimeController.swift */; };
		93F344E72A46E42B0089D2A8 /* SettingsContainer.swift in Sources */ = {isa = PBXBuildFile; fileRef = 93F344E62A46E42B0089D2A8 /* SettingsContainer.swift */; };
		93F344E92A4708CB0089D2A8 /* Button.swift in Sources */ = {isa = PBXBuildFile; fileRef = 93F344E82A4708CB0089D2A8 /* Button.swift */; };
		93F344EB2A47225B0089D2A8 /* Settings.swift in Sources */ = {isa = PBXBuildFile; fileRef = 93F344EA2A47225B0089D2A8 /* Settings.swift */; };
/* End PBXBuildFile section */

/* Begin PBXFileReference section */
		057354932A482AD700C4D3F2 /* GameCenterView.swift */ = {isa = PBXFileReference; lastKnownFileType = sourcecode.swift; path = GameCenterView.swift; sourceTree = "<group>"; };
		057354952A482C3700C4D3F2 /* PlayerModel.swift */ = {isa = PBXFileReference; lastKnownFileType = sourcecode.swift; path = PlayerModel.swift; sourceTree = "<group>"; };
		057354972A482F7000C4D3F2 /* GameKitController.swift */ = {isa = PBXFileReference; lastKnownFileType = sourcecode.swift; path = GameKitController.swift; sourceTree = "<group>"; };
		05BFB3862A4435B400A026D7 /* ShopViewController.swift */ = {isa = PBXFileReference; lastKnownFileType = sourcecode.swift; path = ShopViewController.swift; sourceTree = "<group>"; };
		05BFB38F2A443B3600A026D7 /* ShopItemModel.swift */ = {isa = PBXFileReference; lastKnownFileType = sourcecode.swift; path = ShopItemModel.swift; sourceTree = "<group>"; };
		05BFB3962A445B3900A026D7 /* TimeModel.swift */ = {isa = PBXFileReference; lastKnownFileType = sourcecode.swift; path = TimeModel.swift; sourceTree = "<group>"; };
		05F4A2C72A45811C00DE56A7 /* StatModel.swift */ = {isa = PBXFileReference; lastKnownFileType = sourcecode.swift; path = StatModel.swift; sourceTree = "<group>"; };
		05F4A2C92A45816B00DE56A7 /* DailyTaskModel.swift */ = {isa = PBXFileReference; lastKnownFileType = sourcecode.swift; path = DailyTaskModel.swift; sourceTree = "<group>"; };
		05F4A2CB2A45817600DE56A7 /* BodyMovementTaskModel.swift */ = {isa = PBXFileReference; lastKnownFileType = sourcecode.swift; path = BodyMovementTaskModel.swift; sourceTree = "<group>"; };
		05F4A2CD2A45818B00DE56A7 /* CharacterModel.swift */ = {isa = PBXFileReference; lastKnownFileType = sourcecode.swift; path = CharacterModel.swift; sourceTree = "<group>"; };
		05F4A2D12A4742BD00DE56A7 /* DataTestView.swift */ = {isa = PBXFileReference; lastKnownFileType = sourcecode.swift; path = DataTestView.swift; sourceTree = "<group>"; };
		931A94152A4AC66700058E90 /* HealthKitController.swift */ = {isa = PBXFileReference; fileEncoding = 4; lastKnownFileType = sourcecode.swift; path = HealthKitController.swift; sourceTree = "<group>"; };
		931A94172A4AC68800058E90 /* HealthKitModel.swift */ = {isa = PBXFileReference; fileEncoding = 4; lastKnownFileType = sourcecode.swift; path = HealthKitModel.swift; sourceTree = "<group>"; };
		931A94192A4B39B300058E90 /* FancyToast.swift */ = {isa = PBXFileReference; fileEncoding = 4; lastKnownFileType = sourcecode.swift; name = FancyToast.swift; path = "../../../Number Ninja.swiftpm/Model/FancyToast.swift"; sourceTree = "<group>"; };
		931A941B2A4B39C700058E90 /* FancyToastStyle.swift */ = {isa = PBXFileReference; fileEncoding = 4; lastKnownFileType = sourcecode.swift; name = FancyToastStyle.swift; path = "../../../Number Ninja.swiftpm/Components/FancyToastStyle.swift"; sourceTree = "<group>"; };
		931A941D2A4B39CC00058E90 /* FancyToastView.swift */ = {isa = PBXFileReference; fileEncoding = 4; lastKnownFileType = sourcecode.swift; name = FancyToastView.swift; path = "../../../Number Ninja.swiftpm/Components/FancyToastView.swift"; sourceTree = "<group>"; };
		931A941F2A4B3FF800058E90 /* BottomSheet.swift */ = {isa = PBXFileReference; lastKnownFileType = sourcecode.swift; path = BottomSheet.swift; sourceTree = "<group>"; };
		933239B22A443EFF00D9B89B /* Stats.swift */ = {isa = PBXFileReference; lastKnownFileType = sourcecode.swift; path = Stats.swift; sourceTree = "<group>"; };
		933239B42A4453A300D9B89B /* StatBar.swift */ = {isa = PBXFileReference; lastKnownFileType = sourcecode.swift; path = StatBar.swift; sourceTree = "<group>"; };
		9376A97C2A3F5A080037F2FE /* Petto.app */ = {isa = PBXFileReference; explicitFileType = wrapper.application; includeInIndex = 0; path = Petto.app; sourceTree = BUILT_PRODUCTS_DIR; };
		9376A97F2A3F5A080037F2FE /* PettoApp.swift */ = {isa = PBXFileReference; lastKnownFileType = sourcecode.swift; path = PettoApp.swift; sourceTree = "<group>"; };
		9376A9812A3F5A080037F2FE /* ContentView.swift */ = {isa = PBXFileReference; lastKnownFileType = sourcecode.swift; path = ContentView.swift; sourceTree = "<group>"; };
		9376A9832A3F5A0A0037F2FE /* Assets.xcassets */ = {isa = PBXFileReference; lastKnownFileType = folder.assetcatalog; path = Assets.xcassets; sourceTree = "<group>"; };
		9376A9862A3F5A0A0037F2FE /* Preview Assets.xcassets */ = {isa = PBXFileReference; lastKnownFileType = folder.assetcatalog; path = "Preview Assets.xcassets"; sourceTree = "<group>"; };
		93BFA6682A42EA53007783E4 /* Home.swift */ = {isa = PBXFileReference; lastKnownFileType = sourcecode.swift; path = Home.swift; sourceTree = "<group>"; };
		93BFA66C2A42F56C007783E4 /* IconButton.swift */ = {isa = PBXFileReference; lastKnownFileType = sourcecode.swift; path = IconButton.swift; sourceTree = "<group>"; };
		93BFA66E2A42F933007783E4 /* Coin.swift */ = {isa = PBXFileReference; lastKnownFileType = sourcecode.swift; path = Coin.swift; sourceTree = "<group>"; };
		93BFA6702A42FDDB007783E4 /* StrokeText.swift */ = {isa = PBXFileReference; lastKnownFileType = sourcecode.swift; path = StrokeText.swift; sourceTree = "<group>"; };
		93BFA6722A42FFF0007783E4 /* PrimeTime.swift */ = {isa = PBXFileReference; lastKnownFileType = sourcecode.swift; path = PrimeTime.swift; sourceTree = "<group>"; };
		93C768A42A46B1F200B70E4B /* PrimeTimeHelper.swift */ = {isa = PBXFileReference; lastKnownFileType = sourcecode.swift; path = PrimeTimeHelper.swift; sourceTree = "<group>"; };
		93D608872A45DB6D0058EA80 /* Avatar.swift */ = {isa = PBXFileReference; lastKnownFileType = sourcecode.swift; path = Avatar.swift; sourceTree = "<group>"; };
		93D6088A2A46142A0058EA80 /* AudioPlayer.swift */ = {isa = PBXFileReference; lastKnownFileType = sourcecode.swift; path = AudioPlayer.swift; sourceTree = "<group>"; };
		93D6088E2A4616D20058EA80 /* background.mp3 */ = {isa = PBXFileReference; lastKnownFileType = audio.mp3; path = background.mp3; sourceTree = "<group>"; };
		93EC1E9E2A47F259007B7B07 /* Config.swift */ = {isa = PBXFileReference; lastKnownFileType = sourcecode.swift; path = Config.swift; sourceTree = "<group>"; };
		93EC1EA02A483364007B7B07 /* TimeController.swift */ = {isa = PBXFileReference; lastKnownFileType = sourcecode.swift; path = TimeController.swift; sourceTree = "<group>"; };
		93F344E62A46E42B0089D2A8 /* SettingsContainer.swift */ = {isa = PBXFileReference; lastKnownFileType = sourcecode.swift; path = SettingsContainer.swift; sourceTree = "<group>"; };
		93F344E82A4708CB0089D2A8 /* Button.swift */ = {isa = PBXFileReference; lastKnownFileType = sourcecode.swift; path = Button.swift; sourceTree = "<group>"; };
		93F344EA2A47225B0089D2A8 /* Settings.swift */ = {isa = PBXFileReference; lastKnownFileType = sourcecode.swift; path = Settings.swift; sourceTree = "<group>"; };
/* End PBXFileReference section */

/* Begin PBXFrameworksBuildPhase section */
		9376A9792A3F5A080037F2FE /* Frameworks */ = {
			isa = PBXFrameworksBuildPhase;
			buildActionMask = 2147483647;
			files = (
				933239B12A4434B700D9B89B /* SwiftUITooltip in Frameworks */,
			);
			runOnlyForDeploymentPostprocessing = 0;
		};
/* End PBXFrameworksBuildPhase section */

/* Begin PBXGroup section */
		05BFB3812A44323700A026D7 /* Controller */ = {
			isa = PBXGroup;
			children = (
				931A94152A4AC66700058E90 /* HealthKitController.swift */,
				05BFB3862A4435B400A026D7 /* ShopViewController.swift */,
				93EC1EA02A483364007B7B07 /* TimeController.swift */,
				057354972A482F7000C4D3F2 /* GameKitController.swift */,
			);
			path = Controller;
			sourceTree = "<group>";
		};
		9376A9732A3F5A080037F2FE = {
			isa = PBXGroup;
			children = (
				9376A97E2A3F5A080037F2FE /* Petto */,
				9376A97D2A3F5A080037F2FE /* Products */,
			);
			sourceTree = "<group>";
		};
		9376A97D2A3F5A080037F2FE /* Products */ = {
			isa = PBXGroup;
			children = (
				9376A97C2A3F5A080037F2FE /* Petto.app */,
			);
			name = Products;
			sourceTree = "<group>";
		};
		9376A97E2A3F5A080037F2FE /* Petto */ = {
			isa = PBXGroup;
			children = (
				05BFB3812A44323700A026D7 /* Controller */,
				93D608902A4619DD0058EA80 /* Audio */,
				93D608892A4613DB0058EA80 /* Helper */,
				93BFA66B2A42F54F007783E4 /* Component */,
				93BFA66A2A42F250007783E4 /* Model */,
				93BFA6672A42EA1E007783E4 /* View */,
				9376A97F2A3F5A080037F2FE /* PettoApp.swift */,
				9376A9812A3F5A080037F2FE /* ContentView.swift */,
				93EC1E9E2A47F259007B7B07 /* Config.swift */,
				9376A9832A3F5A0A0037F2FE /* Assets.xcassets */,
				9376A9852A3F5A0A0037F2FE /* Preview Content */,
			);
			path = Petto;
			sourceTree = "<group>";
		};
		9376A9852A3F5A0A0037F2FE /* Preview Content */ = {
			isa = PBXGroup;
			children = (
				9376A9862A3F5A0A0037F2FE /* Preview Assets.xcassets */,
			);
			path = "Preview Content";
			sourceTree = "<group>";
		};
		93BFA6672A42EA1E007783E4 /* View */ = {
			isa = PBXGroup;
			children = (
				93BFA6682A42EA53007783E4 /* Home.swift */,
				05F4A2D12A4742BD00DE56A7 /* DataTestView.swift */,
				93F344EA2A47225B0089D2A8 /* Settings.swift */,
				057354932A482AD700C4D3F2 /* GameCenterView.swift */,
			);
			path = View;
			sourceTree = "<group>";
		};
		93BFA66A2A42F250007783E4 /* Model */ = {
			isa = PBXGroup;
			children = (
				931A94192A4B39B300058E90 /* FancyToast.swift */,
				931A94172A4AC68800058E90 /* HealthKitModel.swift */,
				05BFB38F2A443B3600A026D7 /* ShopItemModel.swift */,
				05BFB3962A445B3900A026D7 /* TimeModel.swift */,
				05F4A2C72A45811C00DE56A7 /* StatModel.swift */,
				05F4A2C92A45816B00DE56A7 /* DailyTaskModel.swift */,
				05F4A2CB2A45817600DE56A7 /* BodyMovementTaskModel.swift */,
				05F4A2CD2A45818B00DE56A7 /* CharacterModel.swift */,
				057354952A482C3700C4D3F2 /* PlayerModel.swift */,
				931A941F2A4B3FF800058E90 /* BottomSheet.swift */,
			);
			path = Model;
			sourceTree = "<group>";
		};
		93BFA66B2A42F54F007783E4 /* Component */ = {
			isa = PBXGroup;
			children = (
				931A941D2A4B39CC00058E90 /* FancyToastView.swift */,
				931A941B2A4B39C700058E90 /* FancyToastStyle.swift */,
				93BFA66C2A42F56C007783E4 /* IconButton.swift */,
				93BFA66E2A42F933007783E4 /* Coin.swift */,
				93BFA6702A42FDDB007783E4 /* StrokeText.swift */,
				93BFA6722A42FFF0007783E4 /* PrimeTime.swift */,
				933239B22A443EFF00D9B89B /* Stats.swift */,
				933239B42A4453A300D9B89B /* StatBar.swift */,
				93D608872A45DB6D0058EA80 /* Avatar.swift */,
				93F344E62A46E42B0089D2A8 /* SettingsContainer.swift */,
				93F344E82A4708CB0089D2A8 /* Button.swift */,
			);
			path = Component;
			sourceTree = "<group>";
		};
		93D608892A4613DB0058EA80 /* Helper */ = {
			isa = PBXGroup;
			children = (
				93D6088A2A46142A0058EA80 /* AudioPlayer.swift */,
				93C768A42A46B1F200B70E4B /* PrimeTimeHelper.swift */,
			);
			path = Helper;
			sourceTree = "<group>";
		};
		93D608902A4619DD0058EA80 /* Audio */ = {
			isa = PBXGroup;
			children = (
				93D6088E2A4616D20058EA80 /* background.mp3 */,
			);
			path = Audio;
			sourceTree = "<group>";
		};
/* End PBXGroup section */

/* Begin PBXNativeTarget section */
		9376A97B2A3F5A080037F2FE /* Petto */ = {
			isa = PBXNativeTarget;
			buildConfigurationList = 9376A98A2A3F5A0A0037F2FE /* Build configuration list for PBXNativeTarget "Petto" */;
			buildPhases = (
				9376A9782A3F5A080037F2FE /* Sources */,
				9376A9792A3F5A080037F2FE /* Frameworks */,
				9376A97A2A3F5A080037F2FE /* Resources */,
			);
			buildRules = (
			);
			dependencies = (
			);
			name = Petto;
			packageProductDependencies = (
				933239B02A4434B700D9B89B /* SwiftUITooltip */,
			);
			productName = Petto;
			productReference = 9376A97C2A3F5A080037F2FE /* Petto.app */;
			productType = "com.apple.product-type.application";
		};
/* End PBXNativeTarget section */

/* Begin PBXProject section */
		9376A9742A3F5A080037F2FE /* Project object */ = {
			isa = PBXProject;
			attributes = {
				BuildIndependentTargetsInParallel = 1;
				LastSwiftUpdateCheck = 1430;
				LastUpgradeCheck = 1430;
				TargetAttributes = {
					9376A97B2A3F5A080037F2FE = {
						CreatedOnToolsVersion = 14.3.1;
					};
				};
			};
			buildConfigurationList = 9376A9772A3F5A080037F2FE /* Build configuration list for PBXProject "Petto" */;
			compatibilityVersion = "Xcode 14.0";
			developmentRegion = en;
			hasScannedForEncodings = 0;
			knownRegions = (
				en,
				Base,
			);
			mainGroup = 9376A9732A3F5A080037F2FE;
			packageReferences = (
				933239AF2A4434B700D9B89B /* XCRemoteSwiftPackageReference "SwiftUI-Tooltip" */,
			);
			productRefGroup = 9376A97D2A3F5A080037F2FE /* Products */;
			projectDirPath = "";
			projectRoot = "";
			targets = (
				9376A97B2A3F5A080037F2FE /* Petto */,
			);
		};
/* End PBXProject section */

/* Begin PBXResourcesBuildPhase section */
		9376A97A2A3F5A080037F2FE /* Resources */ = {
			isa = PBXResourcesBuildPhase;
			buildActionMask = 2147483647;
			files = (
				9376A9872A3F5A0A0037F2FE /* Preview Assets.xcassets in Resources */,
				93D608922A461AAE0058EA80 /* background.mp3 in Resources */,
				9376A9842A3F5A0A0037F2FE /* Assets.xcassets in Resources */,
			);
			runOnlyForDeploymentPostprocessing = 0;
		};
/* End PBXResourcesBuildPhase section */

/* Begin PBXSourcesBuildPhase section */
		9376A9782A3F5A080037F2FE /* Sources */ = {
			isa = PBXSourcesBuildPhase;
			buildActionMask = 2147483647;
			files = (
				05F4A2D22A4742BD00DE56A7 /* DataTestView.swift in Sources */,
				931A941A2A4B39B300058E90 /* FancyToast.swift in Sources */,
				057354942A482AD700C4D3F2 /* GameCenterView.swift in Sources */,
				931A94162A4AC66700058E90 /* HealthKitController.swift in Sources */,
				05F4A2C82A45811C00DE56A7 /* StatModel.swift in Sources */,
				933239B52A4453A300D9B89B /* StatBar.swift in Sources */,
				057354982A482F7000C4D3F2 /* GameKitController.swift in Sources */,
				931A941C2A4B39C700058E90 /* FancyToastStyle.swift in Sources */,
				93BFA66D2A42F56C007783E4 /* IconButton.swift in Sources */,
				93D6088B2A46142A0058EA80 /* AudioPlayer.swift in Sources */,
				931A94202A4B3FF800058E90 /* BottomSheet.swift in Sources */,
				057354962A482C3700C4D3F2 /* PlayerModel.swift in Sources */,
				9376A9822A3F5A080037F2FE /* ContentView.swift in Sources */,
				05BFB3902A443B3600A026D7 /* ShopItemModel.swift in Sources */,
				05BFB3872A4435B400A026D7 /* ShopViewController.swift in Sources */,
				05F4A2CA2A45816B00DE56A7 /* DailyTaskModel.swift in Sources */,
				05BFB3972A445B3900A026D7 /* TimeModel.swift in Sources */,
				931A941E2A4B39CC00058E90 /* FancyToastView.swift in Sources */,
				93BFA66F2A42F933007783E4 /* Coin.swift in Sources */,
				93BFA66F2A42F933007783E4 /* Coin.swift in Sources */,
				93BFA66F2A42F933007783E4 /* Coin.swift in Sources */,
				93EC1EA12A483364007B7B07 /* TimeController.swift in Sources */,
				93EC1E9F2A47F259007B7B07 /* Config.swift in Sources */,
				93BFA6692A42EA53007783E4 /* Home.swift in Sources */,
				93BFA6712A42FDDB007783E4 /* StrokeText.swift in Sources */,
				93F344E92A4708CB0089D2A8 /* Button.swift in Sources */,
				933239B32A443F0000D9B89B /* Stats.swift in Sources */,
				93F344EB2A47225B0089D2A8 /* Settings.swift in Sources */,
				93F344E72A46E42B0089D2A8 /* SettingsContainer.swift in Sources */,
				9376A9802A3F5A080037F2FE /* PettoApp.swift in Sources */,
				05F4A2CE2A45818B00DE56A7 /* CharacterModel.swift in Sources */,
				05F4A2CC2A45817600DE56A7 /* BodyMovementTaskModel.swift in Sources */,
				93D608882A45DB6D0058EA80 /* Avatar.swift in Sources */,
				93C768A52A46B1F200B70E4B /* PrimeTimeHelper.swift in Sources */,
				931A94182A4AC68800058E90 /* HealthKitModel.swift in Sources */,
				93BFA6732A42FFF0007783E4 /* PrimeTime.swift in Sources */,
			);
			runOnlyForDeploymentPostprocessing = 0;
		};
/* End PBXSourcesBuildPhase section */

/* Begin XCBuildConfiguration section */
		9376A9882A3F5A0A0037F2FE /* Debug */ = {
			isa = XCBuildConfiguration;
			buildSettings = {
				ALWAYS_SEARCH_USER_PATHS = NO;
				CLANG_ANALYZER_NONNULL = YES;
				CLANG_ANALYZER_NUMBER_OBJECT_CONVERSION = YES_AGGRESSIVE;
				CLANG_CXX_LANGUAGE_STANDARD = "gnu++20";
				CLANG_ENABLE_MODULES = YES;
				CLANG_ENABLE_OBJC_ARC = YES;
				CLANG_ENABLE_OBJC_WEAK = YES;
				CLANG_WARN_BLOCK_CAPTURE_AUTORELEASING = YES;
				CLANG_WARN_BOOL_CONVERSION = YES;
				CLANG_WARN_COMMA = YES;
				CLANG_WARN_CONSTANT_CONVERSION = YES;
				CLANG_WARN_DEPRECATED_OBJC_IMPLEMENTATIONS = YES;
				CLANG_WARN_DIRECT_OBJC_ISA_USAGE = YES_ERROR;
				CLANG_WARN_DOCUMENTATION_COMMENTS = YES;
				CLANG_WARN_EMPTY_BODY = YES;
				CLANG_WARN_ENUM_CONVERSION = YES;
				CLANG_WARN_INFINITE_RECURSION = YES;
				CLANG_WARN_INT_CONVERSION = YES;
				CLANG_WARN_NON_LITERAL_NULL_CONVERSION = YES;
				CLANG_WARN_OBJC_IMPLICIT_RETAIN_SELF = YES;
				CLANG_WARN_OBJC_LITERAL_CONVERSION = YES;
				CLANG_WARN_OBJC_ROOT_CLASS = YES_ERROR;
				CLANG_WARN_QUOTED_INCLUDE_IN_FRAMEWORK_HEADER = YES;
				CLANG_WARN_RANGE_LOOP_ANALYSIS = YES;
				CLANG_WARN_STRICT_PROTOTYPES = YES;
				CLANG_WARN_SUSPICIOUS_MOVE = YES;
				CLANG_WARN_UNGUARDED_AVAILABILITY = YES_AGGRESSIVE;
				CLANG_WARN_UNREACHABLE_CODE = YES;
				CLANG_WARN__DUPLICATE_METHOD_MATCH = YES;
				COPY_PHASE_STRIP = NO;
				DEBUG_INFORMATION_FORMAT = dwarf;
				ENABLE_STRICT_OBJC_MSGSEND = YES;
				ENABLE_TESTABILITY = YES;
				GCC_C_LANGUAGE_STANDARD = gnu11;
				GCC_DYNAMIC_NO_PIC = NO;
				GCC_NO_COMMON_BLOCKS = YES;
				GCC_OPTIMIZATION_LEVEL = 0;
				GCC_PREPROCESSOR_DEFINITIONS = (
					"DEBUG=1",
					"$(inherited)",
				);
				GCC_WARN_64_TO_32_BIT_CONVERSION = YES;
				GCC_WARN_ABOUT_RETURN_TYPE = YES_ERROR;
				GCC_WARN_UNDECLARED_SELECTOR = YES;
				GCC_WARN_UNINITIALIZED_AUTOS = YES_AGGRESSIVE;
				GCC_WARN_UNUSED_FUNCTION = YES;
				GCC_WARN_UNUSED_VARIABLE = YES;
				IPHONEOS_DEPLOYMENT_TARGET = 16.4;
				MTL_ENABLE_DEBUG_INFO = INCLUDE_SOURCE;
				MTL_FAST_MATH = YES;
				ONLY_ACTIVE_ARCH = YES;
				SDKROOT = iphoneos;
				SWIFT_ACTIVE_COMPILATION_CONDITIONS = DEBUG;
				SWIFT_OPTIMIZATION_LEVEL = "-Onone";
			};
			name = Debug;
		};
		9376A9892A3F5A0A0037F2FE /* Release */ = {
			isa = XCBuildConfiguration;
			buildSettings = {
				ALWAYS_SEARCH_USER_PATHS = NO;
				CLANG_ANALYZER_NONNULL = YES;
				CLANG_ANALYZER_NUMBER_OBJECT_CONVERSION = YES_AGGRESSIVE;
				CLANG_CXX_LANGUAGE_STANDARD = "gnu++20";
				CLANG_ENABLE_MODULES = YES;
				CLANG_ENABLE_OBJC_ARC = YES;
				CLANG_ENABLE_OBJC_WEAK = YES;
				CLANG_WARN_BLOCK_CAPTURE_AUTORELEASING = YES;
				CLANG_WARN_BOOL_CONVERSION = YES;
				CLANG_WARN_COMMA = YES;
				CLANG_WARN_CONSTANT_CONVERSION = YES;
				CLANG_WARN_DEPRECATED_OBJC_IMPLEMENTATIONS = YES;
				CLANG_WARN_DIRECT_OBJC_ISA_USAGE = YES_ERROR;
				CLANG_WARN_DOCUMENTATION_COMMENTS = YES;
				CLANG_WARN_EMPTY_BODY = YES;
				CLANG_WARN_ENUM_CONVERSION = YES;
				CLANG_WARN_INFINITE_RECURSION = YES;
				CLANG_WARN_INT_CONVERSION = YES;
				CLANG_WARN_NON_LITERAL_NULL_CONVERSION = YES;
				CLANG_WARN_OBJC_IMPLICIT_RETAIN_SELF = YES;
				CLANG_WARN_OBJC_LITERAL_CONVERSION = YES;
				CLANG_WARN_OBJC_ROOT_CLASS = YES_ERROR;
				CLANG_WARN_QUOTED_INCLUDE_IN_FRAMEWORK_HEADER = YES;
				CLANG_WARN_RANGE_LOOP_ANALYSIS = YES;
				CLANG_WARN_STRICT_PROTOTYPES = YES;
				CLANG_WARN_SUSPICIOUS_MOVE = YES;
				CLANG_WARN_UNGUARDED_AVAILABILITY = YES_AGGRESSIVE;
				CLANG_WARN_UNREACHABLE_CODE = YES;
				CLANG_WARN__DUPLICATE_METHOD_MATCH = YES;
				COPY_PHASE_STRIP = NO;
				DEBUG_INFORMATION_FORMAT = "dwarf-with-dsym";
				ENABLE_NS_ASSERTIONS = NO;
				ENABLE_STRICT_OBJC_MSGSEND = YES;
				GCC_C_LANGUAGE_STANDARD = gnu11;
				GCC_NO_COMMON_BLOCKS = YES;
				GCC_WARN_64_TO_32_BIT_CONVERSION = YES;
				GCC_WARN_ABOUT_RETURN_TYPE = YES_ERROR;
				GCC_WARN_UNDECLARED_SELECTOR = YES;
				GCC_WARN_UNINITIALIZED_AUTOS = YES_AGGRESSIVE;
				GCC_WARN_UNUSED_FUNCTION = YES;
				GCC_WARN_UNUSED_VARIABLE = YES;
				IPHONEOS_DEPLOYMENT_TARGET = 16.4;
				MTL_ENABLE_DEBUG_INFO = NO;
				MTL_FAST_MATH = YES;
				SDKROOT = iphoneos;
				SWIFT_COMPILATION_MODE = wholemodule;
				SWIFT_OPTIMIZATION_LEVEL = "-O";
				VALIDATE_PRODUCT = YES;
			};
			name = Release;
		};
		9376A98B2A3F5A0A0037F2FE /* Debug */ = {
			isa = XCBuildConfiguration;
			buildSettings = {
				ASSETCATALOG_COMPILER_APPICON_NAME = AppIcon;
				ASSETCATALOG_COMPILER_GLOBAL_ACCENT_COLOR_NAME = AccentColor;
				CODE_SIGN_STYLE = Automatic;
				CURRENT_PROJECT_VERSION = 1;
				DEVELOPMENT_ASSET_PATHS = "\"Petto/Preview Content\"";
				DEVELOPMENT_TEAM = J8A42WJ9LX;
				ENABLE_PREVIEWS = YES;
				GENERATE_INFOPLIST_FILE = YES;
				INFOPLIST_KEY_NSHealthShareUsageDescription = "Allow this app to share your Health data.";
				INFOPLIST_KEY_NSHealthUpdateUsageDescription = "Allow this app to write data provided from your activity.";
				INFOPLIST_KEY_UIApplicationSceneManifest_Generation = YES;
				INFOPLIST_KEY_UIApplicationSupportsIndirectInputEvents = YES;
				INFOPLIST_KEY_UILaunchScreen_Generation = YES;
				INFOPLIST_KEY_UIRequiresFullScreen = YES;
				INFOPLIST_KEY_UISupportedInterfaceOrientations = UIInterfaceOrientationPortrait;
				INFOPLIST_KEY_UISupportedInterfaceOrientations_iPad = "UIInterfaceOrientationPortrait UIInterfaceOrientationPortraitUpsideDown";
				INFOPLIST_KEY_UIUserInterfaceStyle = Light;
				LD_RUNPATH_SEARCH_PATHS = (
					"$(inherited)",
					"@executable_path/Frameworks",
				);
				MARKETING_VERSION = 1.0;
				PRODUCT_BUNDLE_IDENTIFIER = com.pettoteam.pettolife;
				PRODUCT_NAME = "$(TARGET_NAME)";
				SUPPORTED_PLATFORMS = "iphoneos iphonesimulator";
				SUPPORTS_MACCATALYST = NO;
				SUPPORTS_MAC_DESIGNED_FOR_IPHONE_IPAD = NO;
				SWIFT_EMIT_LOC_STRINGS = YES;
				SWIFT_VERSION = 5.0;
				TARGETED_DEVICE_FAMILY = "1,2";
			};
			name = Debug;
		};
		9376A98C2A3F5A0A0037F2FE /* Release */ = {
			isa = XCBuildConfiguration;
			buildSettings = {
				ASSETCATALOG_COMPILER_APPICON_NAME = AppIcon;
				ASSETCATALOG_COMPILER_GLOBAL_ACCENT_COLOR_NAME = AccentColor;
				CODE_SIGN_STYLE = Automatic;
				CURRENT_PROJECT_VERSION = 1;
				DEVELOPMENT_ASSET_PATHS = "\"Petto/Preview Content\"";
				DEVELOPMENT_TEAM = J8A42WJ9LX;
				ENABLE_PREVIEWS = YES;
				GENERATE_INFOPLIST_FILE = YES;
				INFOPLIST_KEY_NSHealthShareUsageDescription = "Allow this app to share your Health data.";
				INFOPLIST_KEY_NSHealthUpdateUsageDescription = "Allow this app to write data provided from your activity.";
				INFOPLIST_KEY_UIApplicationSceneManifest_Generation = YES;
				INFOPLIST_KEY_UIApplicationSupportsIndirectInputEvents = YES;
				INFOPLIST_KEY_UILaunchScreen_Generation = YES;
				INFOPLIST_KEY_UIRequiresFullScreen = YES;
				INFOPLIST_KEY_UISupportedInterfaceOrientations = UIInterfaceOrientationPortrait;
				INFOPLIST_KEY_UISupportedInterfaceOrientations_iPad = "UIInterfaceOrientationPortrait UIInterfaceOrientationPortraitUpsideDown";
				INFOPLIST_KEY_UIUserInterfaceStyle = Light;
				LD_RUNPATH_SEARCH_PATHS = (
					"$(inherited)",
					"@executable_path/Frameworks",
				);
				MARKETING_VERSION = 1.0;
				PRODUCT_BUNDLE_IDENTIFIER = com.pettoteam.pettolife;
				PRODUCT_NAME = "$(TARGET_NAME)";
				SUPPORTED_PLATFORMS = "iphoneos iphonesimulator";
				SUPPORTS_MACCATALYST = NO;
				SUPPORTS_MAC_DESIGNED_FOR_IPHONE_IPAD = NO;
				SWIFT_EMIT_LOC_STRINGS = YES;
				SWIFT_VERSION = 5.0;
				TARGETED_DEVICE_FAMILY = "1,2";
			};
			name = Release;
		};
/* End XCBuildConfiguration section */

/* Begin XCConfigurationList section */
		9376A9772A3F5A080037F2FE /* Build configuration list for PBXProject "Petto" */ = {
			isa = XCConfigurationList;
			buildConfigurations = (
				9376A9882A3F5A0A0037F2FE /* Debug */,
				9376A9892A3F5A0A0037F2FE /* Release */,
			);
			defaultConfigurationIsVisible = 0;
			defaultConfigurationName = Release;
		};
		9376A98A2A3F5A0A0037F2FE /* Build configuration list for PBXNativeTarget "Petto" */ = {
			isa = XCConfigurationList;
			buildConfigurations = (
				9376A98B2A3F5A0A0037F2FE /* Debug */,
				9376A98C2A3F5A0A0037F2FE /* Release */,
			);
			defaultConfigurationIsVisible = 0;
			defaultConfigurationName = Release;
		};
/* End XCConfigurationList section */

/* Begin XCRemoteSwiftPackageReference section */
		933239AF2A4434B700D9B89B /* XCRemoteSwiftPackageReference "SwiftUI-Tooltip" */ = {
			isa = XCRemoteSwiftPackageReference;
			repositoryURL = "https://github.com/quassum/SwiftUI-Tooltip.git";
			requirement = {
				kind = upToNextMajorVersion;
				minimumVersion = 1.0.0;
			};
		};
/* End XCRemoteSwiftPackageReference section */

/* Begin XCSwiftPackageProductDependency section */
		933239B02A4434B700D9B89B /* SwiftUITooltip */ = {
			isa = XCSwiftPackageProductDependency;
			package = 933239AF2A4434B700D9B89B /* XCRemoteSwiftPackageReference "SwiftUI-Tooltip" */;
			productName = SwiftUITooltip;
		};
/* End XCSwiftPackageProductDependency section */
	};
	rootObject = 9376A9742A3F5A080037F2FE /* Project object */;
}
